
Microsoft Visual Studio Solution File, Format Version 11.00
# Visual Studio 2010
Project("{FAE04EC0-301F-11D3-BF4B-00C04F79EFBC}") = "SHOW_ME_THE_WAY_v0.04", "Assembly-CSharp.csproj", "{6909DD99-3332-1489-2D37-D33813D76DA2}"
EndProject
Global
	GlobalSection(SolutionConfigurationPlatforms) = preSolution
		Debug|Any CPU = Debug|Any CPU
		Release|Any CPU = Release|Any CPU
	EndGlobalSection
	GlobalSection(ProjectConfigurationPlatforms) = postSolution
		{6909DD99-3332-1489-2D37-D33813D76DA2}.Debug|Any CPU.ActiveCfg = Debug|Any CPU
		{6909DD99-3332-1489-2D37-D33813D76DA2}.Debug|Any CPU.Build.0 = Debug|Any CPU
		{6909DD99-3332-1489-2D37-D33813D76DA2}.Release|Any CPU.ActiveCfg = Release|Any CPU
		{6909DD99-3332-1489-2D37-D33813D76DA2}.Release|Any CPU.Build.0 = Release|Any CPU
	EndGlobalSection
	GlobalSection(SolutionProperties) = preSolution
		HideSolutionNode = FALSE
	EndGlobalSection
	GlobalSection(MonoDevelopProperties) = preSolution
		StartupItem = Assembly-CSharp.csproj
	EndGlobalSection
EndGlobal
